
Microsoft Visual Studio Solution File, Format Version 12.00
# Visual Studio Version 17
VisualStudioVersion = 17.1.32328.378
MinimumVisualStudioVersion = 10.0.40219.1
Project("{8BC9CEB8-8B4A-11D0-8D11-00A0C91BC942}") = "Bansung", "Bansung\Bansung.vcxproj", "{A9D7F476-7F1E-4139-85FA-8C0C9B778402}"
EndProject
Global
	GlobalSection(SolutionConfigurationPlatforms) = preSolution
		Debug|ARM = Debug|ARM
		Debug|Win32 = Debug|Win32
		Debug|x64 = Debug|x64
		Debug|x86 = Debug|x86
		Release|ARM = Release|ARM
		Release|Win32 = Release|Win32
		Release|x64 = Release|x64
		Release|x86 = Release|x86
	EndGlobalSection
	GlobalSection(ProjectConfigurationPlatforms) = postSolution
		{A9D7F476-7F1E-4139-85FA-8C0C9B778402}.Debug|ARM.ActiveCfg = Debug|Win32
		{A9D7F476-7F1E-4139-85FA-8C0C9B778402}.Debug|ARM.Build.0 = Debug|Win32
		{A9D7F476-7F1E-4139-85FA-8C0C9B778402}.Debug|Win32.ActiveCfg = Debug|Win32
		{A9D7F476-7F1E-4139-85FA-8C0C9B778402}.Debug|Win32.Build.0 = Debug|Win32
		{A9D7F476-7F1E-4139-85FA-8C0C9B778402}.Debug|x64.ActiveCfg = Debug|x64
		{A9D7F476-7F1E-4139-85FA-8C0C9B778402}.Debug|x64.Build.0 = Debug|x64
		{A9D7F476-7F1E-4139-85FA-8C0C9B778402}.Debug|x86.ActiveCfg = Debug|Win32
		{A9D7F476-7F1E-4139-85FA-8C0C9B778402}.Debug|x86.Build.0 = Debug|Win32
		{A9D7F476-7F1E-4139-85FA-8C0C9B778402}.Release|ARM.ActiveCfg = Release|ARM
		{A9D7F476-7F1E-4139-85FA-8C0C9B778402}.Release|ARM.Build.0 = Release|ARM
		{A9D7F476-7F1E-4139-85FA-8C0C9B778402}.Release|Win32.ActiveCfg = Release|Win32
		{A9D7F476-7F1E-4139-85FA-8C0C9B778402}.Release|Win32.Build.0 = Release|Win32
		{A9D7F476-7F1E-4139-85FA-8C0C9B778402}.Release|x64.ActiveCfg = Release|x64
		{A9D7F476-7F1E-4139-85FA-8C0C9B778402}.Release|x64.Build.0 = Release|x64
		{A9D7F476-7F1E-4139-85FA-8C0C9B778402}.Release|x86.ActiveCfg = Release|Win32
		{A9D7F476-7F1E-4139-85FA-8C0C9B778402}.Release|x86.Build.0 = Release|Win32
	EndGlobalSection
	GlobalSection(SolutionProperties) = preSolution
		HideSolutionNode = FALSE
	EndGlobalSection
	GlobalSection(ExtensibilityGlobals) = postSolution
		SolutionGuid = {00B2FD68-CDA1-4CE0-AE93-92B94FF5D338}
	EndGlobalSection
EndGlobal
